
Microsoft Visual Studio Solution File, Format Version 12.00
# Visual Studio Version 17
VisualStudioVersion = 17.7.34031.279
MinimumVisualStudioVersion = 10.0.40219.1
Project("{FAE04EC0-301F-11D3-BF4B-00C04F79EFBC}") = "DateTest", "DateTest\DateTest.csproj", "{25424D7B-3FFC-4CA6-BB89-875BC792AEAE}"
EndProject
Global
	GlobalSection(SolutionConfigurationPlatforms) = preSolution
		Debug|Any CPU = Debug|Any CPU
		Release|Any CPU = Release|Any CPU
	EndGlobalSection
	GlobalSection(ProjectConfigurationPlatforms) = postSolution
		{25424D7B-3FFC-4CA6-BB89-875BC792AEAE}.Debug|Any CPU.ActiveCfg = Debug|Any CPU
		{25424D7B-3FFC-4CA6-BB89-875BC792AEAE}.Debug|Any CPU.Build.0 = Debug|Any CPU
		{25424D7B-3FFC-4CA6-BB89-875BC792AEAE}.Release|Any CPU.ActiveCfg = Release|Any CPU
		{25424D7B-3FFC-4CA6-BB89-875BC792AEAE}.Release|Any CPU.Build.0 = Release|Any CPU
	EndGlobalSection
	GlobalSection(SolutionProperties) = preSolution
		HideSolutionNode = FALSE
	EndGlobalSection
	GlobalSection(ExtensibilityGlobals) = postSolution
		SolutionGuid = {3B541B87-C3D7-4BCD-AB74-03A6A5E61252}
	EndGlobalSection
EndGlobal
